// !$*UTF8*$!
{
	archiveVersion = 1;
	classes = {
	};
	objectVersion = 46;
	objects = {

/* Begin PBXBuildFile section */
		910BF74E193C90A500749318 /* TaskDetailsViewController.m in Sources */ = {isa = PBXBuildFile; fileRef = 910BF74D193C90A500749318 /* TaskDetailsViewController.m */; };
		912CA959193B6976009545B6 /* TaskListViewController.m in Sources */ = {isa = PBXBuildFile; fileRef = 912CA958193B6976009545B6 /* TaskListViewController.m */; };
		912CA95C193B69F9009545B6 /* TaskListTableView.m in Sources */ = {isa = PBXBuildFile; fileRef = 912CA95B193B69F9009545B6 /* TaskListTableView.m */; };
		912D910F19279EE300F9E495 /* Foundation.framework in Frameworks */ = {isa = PBXBuildFile; fileRef = 912D910E19279EE300F9E495 /* Foundation.framework */; };
		912D911119279EE300F9E495 /* CoreGraphics.framework in Frameworks */ = {isa = PBXBuildFile; fileRef = 912D911019279EE300F9E495 /* CoreGraphics.framework */; };
		912D911319279EE300F9E495 /* UIKit.framework in Frameworks */ = {isa = PBXBuildFile; fileRef = 912D911219279EE300F9E495 /* UIKit.framework */; };
		912D911919279EE300F9E495 /* InfoPlist.strings in Resources */ = {isa = PBXBuildFile; fileRef = 912D911719279EE300F9E495 /* InfoPlist.strings */; };
		912D911B19279EE300F9E495 /* main.m in Sources */ = {isa = PBXBuildFile; fileRef = 912D911A19279EE300F9E495 /* main.m */; };
		912D912219279EE300F9E495 /* Main.storyboard in Resources */ = {isa = PBXBuildFile; fileRef = 912D912019279EE300F9E495 /* Main.storyboard */; };
		912D912719279EE300F9E495 /* Images.xcassets in Resources */ = {isa = PBXBuildFile; fileRef = 912D912619279EE300F9E495 /* Images.xcassets */; };
		912D912E19279EE300F9E495 /* XCTest.framework in Frameworks */ = {isa = PBXBuildFile; fileRef = 912D912D19279EE300F9E495 /* XCTest.framework */; };
		912D912F19279EE300F9E495 /* Foundation.framework in Frameworks */ = {isa = PBXBuildFile; fileRef = 912D910E19279EE300F9E495 /* Foundation.framework */; };
		912D913019279EE300F9E495 /* UIKit.framework in Frameworks */ = {isa = PBXBuildFile; fileRef = 912D911219279EE300F9E495 /* UIKit.framework */; };
		912D913819279EE300F9E495 /* InfoPlist.strings in Resources */ = {isa = PBXBuildFile; fileRef = 912D913619279EE300F9E495 /* InfoPlist.strings */; };
		912D913A19279EE300F9E495 /* bounty_hunter_iosTests.m in Sources */ = {isa = PBXBuildFile; fileRef = 912D913919279EE300F9E495 /* bounty_hunter_iosTests.m */; };
		912E54F3193485450067E6D9 /* InfoTableViewController.m in Sources */ = {isa = PBXBuildFile; fileRef = 912E54F2193485450067E6D9 /* InfoTableViewController.m */; };
		914DBFAA1938CD7D00AFAB09 /* LoginViewController.m in Sources */ = {isa = PBXBuildFile; fileRef = 914DBFA91938CD7D00AFAB09 /* LoginViewController.m */; };
		914DBFAD1938CF7A00AFAB09 /* background1.jpg in Resources */ = {isa = PBXBuildFile; fileRef = 914DBFAC1938CF7A00AFAB09 /* background1.jpg */; };
		9191D3B51928F4D600D97AFF /* AFHTTPRequestOperation.m in Sources */ = {isa = PBXBuildFile; fileRef = 9191D3911928F4D600D97AFF /* AFHTTPRequestOperation.m */; };
		9191D3B61928F4D600D97AFF /* AFHTTPRequestOperationManager.m in Sources */ = {isa = PBXBuildFile; fileRef = 9191D3931928F4D600D97AFF /* AFHTTPRequestOperationManager.m */; };
		9191D3B71928F4D600D97AFF /* AFHTTPSessionManager.m in Sources */ = {isa = PBXBuildFile; fileRef = 9191D3951928F4D600D97AFF /* AFHTTPSessionManager.m */; };
		9191D3B81928F4D600D97AFF /* AFNetworkReachabilityManager.m in Sources */ = {isa = PBXBuildFile; fileRef = 9191D3981928F4D600D97AFF /* AFNetworkReachabilityManager.m */; };
		9191D3B91928F4D600D97AFF /* AFSecurityPolicy.m in Sources */ = {isa = PBXBuildFile; fileRef = 9191D39A1928F4D600D97AFF /* AFSecurityPolicy.m */; };
		9191D3BA1928F4D600D97AFF /* AFURLConnectionOperation.m in Sources */ = {isa = PBXBuildFile; fileRef = 9191D39C1928F4D600D97AFF /* AFURLConnectionOperation.m */; };
		9191D3BB1928F4D600D97AFF /* AFURLRequestSerialization.m in Sources */ = {isa = PBXBuildFile; fileRef = 9191D39E1928F4D600D97AFF /* AFURLRequestSerialization.m */; };
		9191D3BC1928F4D600D97AFF /* AFURLResponseSerialization.m in Sources */ = {isa = PBXBuildFile; fileRef = 9191D3A01928F4D600D97AFF /* AFURLResponseSerialization.m */; };
		9191D3BD1928F4D600D97AFF /* AFURLSessionManager.m in Sources */ = {isa = PBXBuildFile; fileRef = 9191D3A21928F4D600D97AFF /* AFURLSessionManager.m */; };
		9191D3BE1928F4D600D97AFF /* AFNetworkActivityIndicatorManager.m in Sources */ = {isa = PBXBuildFile; fileRef = 9191D3A51928F4D600D97AFF /* AFNetworkActivityIndicatorManager.m */; };
		9191D3BF1928F4D600D97AFF /* UIActivityIndicatorView+AFNetworking.m in Sources */ = {isa = PBXBuildFile; fileRef = 9191D3A71928F4D600D97AFF /* UIActivityIndicatorView+AFNetworking.m */; };
		9191D3C01928F4D600D97AFF /* UIAlertView+AFNetworking.m in Sources */ = {isa = PBXBuildFile; fileRef = 9191D3A91928F4D600D97AFF /* UIAlertView+AFNetworking.m */; };
		9191D3C11928F4D600D97AFF /* UIButton+AFNetworking.m in Sources */ = {isa = PBXBuildFile; fileRef = 9191D3AB1928F4D600D97AFF /* UIButton+AFNetworking.m */; };
		9191D3C21928F4D600D97AFF /* UIImageView+AFNetworking.m in Sources */ = {isa = PBXBuildFile; fileRef = 9191D3AD1928F4D600D97AFF /* UIImageView+AFNetworking.m */; };
		9191D3C31928F4D600D97AFF /* UIProgressView+AFNetworking.m in Sources */ = {isa = PBXBuildFile; fileRef = 9191D3B01928F4D600D97AFF /* UIProgressView+AFNetworking.m */; };
		9191D3C41928F4D600D97AFF /* UIRefreshControl+AFNetworking.m in Sources */ = {isa = PBXBuildFile; fileRef = 9191D3B21928F4D600D97AFF /* UIRefreshControl+AFNetworking.m */; };
		9191D3C51928F4D600D97AFF /* UIWebView+AFNetworking.m in Sources */ = {isa = PBXBuildFile; fileRef = 9191D3B41928F4D600D97AFF /* UIWebView+AFNetworking.m */; };
		9191D3D61928F70700D97AFF /* MainViewController.m in Sources */ = {isa = PBXBuildFile; fileRef = 9191D3D11928F70700D97AFF /* MainViewController.m */; };
		9191D3D71928F70700D97AFF /* MainAppDelegate.m in Sources */ = {isa = PBXBuildFile; fileRef = 9191D3D31928F70700D97AFF /* MainAppDelegate.m */; };
/* End PBXBuildFile section */

/* Begin PBXContainerItemProxy section */
		912D913119279EE300F9E495 /* PBXContainerItemProxy */ = {
			isa = PBXContainerItemProxy;
			containerPortal = 912D910319279EE300F9E495 /* Project object */;
			proxyType = 1;
			remoteGlobalIDString = 912D910A19279EE300F9E495;
			remoteInfo = "bounty-hunter-ios";
		};
/* End PBXContainerItemProxy section */

/* Begin PBXFileReference section */
		910BF74C193C90A500749318 /* TaskDetailsViewController.h */ = {isa = PBXFileReference; fileEncoding = 4; lastKnownFileType = sourcecode.c.h; path = TaskDetailsViewController.h; sourceTree = "<group>"; };
		910BF74D193C90A500749318 /* TaskDetailsViewController.m */ = {isa = PBXFileReference; fileEncoding = 4; lastKnownFileType = sourcecode.c.objc; path = TaskDetailsViewController.m; sourceTree = "<group>"; };
		912CA957193B6976009545B6 /* TaskListViewController.h */ = {isa = PBXFileReference; fileEncoding = 4; lastKnownFileType = sourcecode.c.h; path = TaskListViewController.h; sourceTree = "<group>"; };
		912CA958193B6976009545B6 /* TaskListViewController.m */ = {isa = PBXFileReference; fileEncoding = 4; lastKnownFileType = sourcecode.c.objc; path = TaskListViewController.m; sourceTree = "<group>"; };
		912CA95A193B69F9009545B6 /* TaskListTableView.h */ = {isa = PBXFileReference; fileEncoding = 4; lastKnownFileType = sourcecode.c.h; path = TaskListTableView.h; sourceTree = "<group>"; };
		912CA95B193B69F9009545B6 /* TaskListTableView.m */ = {isa = PBXFileReference; fileEncoding = 4; lastKnownFileType = sourcecode.c.objc; path = TaskListTableView.m; sourceTree = "<group>"; };
		912D910B19279EE300F9E495 /* bounty-hunter-ios.app */ = {isa = PBXFileReference; explicitFileType = wrapper.application; includeInIndex = 0; path = "bounty-hunter-ios.app"; sourceTree = BUILT_PRODUCTS_DIR; };
		912D910E19279EE300F9E495 /* Foundation.framework */ = {isa = PBXFileReference; lastKnownFileType = wrapper.framework; name = Foundation.framework; path = System/Library/Frameworks/Foundation.framework; sourceTree = SDKROOT; };
		912D911019279EE300F9E495 /* CoreGraphics.framework */ = {isa = PBXFileReference; lastKnownFileType = wrapper.framework; name = CoreGraphics.framework; path = System/Library/Frameworks/CoreGraphics.framework; sourceTree = SDKROOT; };
		912D911219279EE300F9E495 /* UIKit.framework */ = {isa = PBXFileReference; lastKnownFileType = wrapper.framework; name = UIKit.framework; path = System/Library/Frameworks/UIKit.framework; sourceTree = SDKROOT; };
		912D911619279EE300F9E495 /* bounty-hunter-ios-Info.plist */ = {isa = PBXFileReference; lastKnownFileType = text.plist.xml; path = "bounty-hunter-ios-Info.plist"; sourceTree = "<group>"; };
		912D911819279EE300F9E495 /* en */ = {isa = PBXFileReference; lastKnownFileType = text.plist.strings; name = en; path = en.lproj/InfoPlist.strings; sourceTree = "<group>"; };
		912D911A19279EE300F9E495 /* main.m */ = {isa = PBXFileReference; lastKnownFileType = sourcecode.c.objc; path = main.m; sourceTree = "<group>"; };
		912D911C19279EE300F9E495 /* bounty-hunter-ios-Prefix.pch */ = {isa = PBXFileReference; lastKnownFileType = sourcecode.c.h; path = "bounty-hunter-ios-Prefix.pch"; sourceTree = "<group>"; };
		912D912119279EE300F9E495 /* Base */ = {isa = PBXFileReference; lastKnownFileType = file.storyboard; name = Base; path = Base.lproj/Main.storyboard; sourceTree = "<group>"; };
		912D912619279EE300F9E495 /* Images.xcassets */ = {isa = PBXFileReference; lastKnownFileType = folder.assetcatalog; name = Images.xcassets; path = "bounty-hunter-ios/Images.xcassets"; sourceTree = "<group>"; };
		912D912C19279EE300F9E495 /* bounty-hunter-iosTests.xctest */ = {isa = PBXFileReference; explicitFileType = wrapper.cfbundle; includeInIndex = 0; path = "bounty-hunter-iosTests.xctest"; sourceTree = BUILT_PRODUCTS_DIR; };
		912D912D19279EE300F9E495 /* XCTest.framework */ = {isa = PBXFileReference; lastKnownFileType = wrapper.framework; name = XCTest.framework; path = Library/Frameworks/XCTest.framework; sourceTree = DEVELOPER_DIR; };
		912D913519279EE300F9E495 /* bounty-hunter-iosTests-Info.plist */ = {isa = PBXFileReference; lastKnownFileType = text.plist.xml; path = "bounty-hunter-iosTests-Info.plist"; sourceTree = "<group>"; };
		912D913719279EE300F9E495 /* en */ = {isa = PBXFileReference; lastKnownFileType = text.plist.strings; name = en; path = en.lproj/InfoPlist.strings; sourceTree = "<group>"; };
		912D913919279EE300F9E495 /* bounty_hunter_iosTests.m */ = {isa = PBXFileReference; lastKnownFileType = sourcecode.c.objc; path = bounty_hunter_iosTests.m; sourceTree = "<group>"; };
		912E54F1193485450067E6D9 /* InfoTableViewController.h */ = {isa = PBXFileReference; fileEncoding = 4; lastKnownFileType = sourcecode.c.h; path = InfoTableViewController.h; sourceTree = "<group>"; };
		912E54F2193485450067E6D9 /* InfoTableViewController.m */ = {isa = PBXFileReference; fileEncoding = 4; lastKnownFileType = sourcecode.c.objc; path = InfoTableViewController.m; sourceTree = "<group>"; };
		914DBFA81938CD7D00AFAB09 /* LoginViewController.h */ = {isa = PBXFileReference; fileEncoding = 4; lastKnownFileType = sourcecode.c.h; path = LoginViewController.h; sourceTree = "<group>"; };
		914DBFA91938CD7D00AFAB09 /* LoginViewController.m */ = {isa = PBXFileReference; fileEncoding = 4; lastKnownFileType = sourcecode.c.objc; path = LoginViewController.m; sourceTree = "<group>"; };
		914DBFAC1938CF7A00AFAB09 /* background1.jpg */ = {isa = PBXFileReference; lastKnownFileType = image.jpeg; path = background1.jpg; sourceTree = "<group>"; };
		9191D3901928F4D600D97AFF /* AFHTTPRequestOperation.h */ = {isa = PBXFileReference; fileEncoding = 4; lastKnownFileType = sourcecode.c.h; path = AFHTTPRequestOperation.h; sourceTree = "<group>"; };
		9191D3911928F4D600D97AFF /* AFHTTPRequestOperation.m */ = {isa = PBXFileReference; fileEncoding = 4; lastKnownFileType = sourcecode.c.objc; path = AFHTTPRequestOperation.m; sourceTree = "<group>"; };
		9191D3921928F4D600D97AFF /* AFHTTPRequestOperationManager.h */ = {isa = PBXFileReference; fileEncoding = 4; lastKnownFileType = sourcecode.c.h; path = AFHTTPRequestOperationManager.h; sourceTree = "<group>"; };
		9191D3931928F4D600D97AFF /* AFHTTPRequestOperationManager.m */ = {isa = PBXFileReference; fileEncoding = 4; lastKnownFileType = sourcecode.c.objc; path = AFHTTPRequestOperationManager.m; sourceTree = "<group>"; };
		9191D3941928F4D600D97AFF /* AFHTTPSessionManager.h */ = {isa = PBXFileReference; fileEncoding = 4; lastKnownFileType = sourcecode.c.h; path = AFHTTPSessionManager.h; sourceTree = "<group>"; };
		9191D3951928F4D600D97AFF /* AFHTTPSessionManager.m */ = {isa = PBXFileReference; fileEncoding = 4; lastKnownFileType = sourcecode.c.objc; path = AFHTTPSessionManager.m; sourceTree = "<group>"; };
		9191D3961928F4D600D97AFF /* AFNetworking.h */ = {isa = PBXFileReference; fileEncoding = 4; lastKnownFileType = sourcecode.c.h; path = AFNetworking.h; sourceTree = "<group>"; };
		9191D3971928F4D600D97AFF /* AFNetworkReachabilityManager.h */ = {isa = PBXFileReference; fileEncoding = 4; lastKnownFileType = sourcecode.c.h; path = AFNetworkReachabilityManager.h; sourceTree = "<group>"; };
		9191D3981928F4D600D97AFF /* AFNetworkReachabilityManager.m */ = {isa = PBXFileReference; fileEncoding = 4; lastKnownFileType = sourcecode.c.objc; path = AFNetworkReachabilityManager.m; sourceTree = "<group>"; };
		9191D3991928F4D600D97AFF /* AFSecurityPolicy.h */ = {isa = PBXFileReference; fileEncoding = 4; lastKnownFileType = sourcecode.c.h; path = AFSecurityPolicy.h; sourceTree = "<group>"; };
		9191D39A1928F4D600D97AFF /* AFSecurityPolicy.m */ = {isa = PBXFileReference; fileEncoding = 4; lastKnownFileType = sourcecode.c.objc; path = AFSecurityPolicy.m; sourceTree = "<group>"; };
		9191D39B1928F4D600D97AFF /* AFURLConnectionOperation.h */ = {isa = PBXFileReference; fileEncoding = 4; lastKnownFileType = sourcecode.c.h; path = AFURLConnectionOperation.h; sourceTree = "<group>"; };
		9191D39C1928F4D600D97AFF /* AFURLConnectionOperation.m */ = {isa = PBXFileReference; fileEncoding = 4; lastKnownFileType = sourcecode.c.objc; path = AFURLConnectionOperation.m; sourceTree = "<group>"; };
		9191D39D1928F4D600D97AFF /* AFURLRequestSerialization.h */ = {isa = PBXFileReference; fileEncoding = 4; lastKnownFileType = sourcecode.c.h; path = AFURLRequestSerialization.h; sourceTree = "<group>"; };
		9191D39E1928F4D600D97AFF /* AFURLRequestSerialization.m */ = {isa = PBXFileReference; fileEncoding = 4; lastKnownFileType = sourcecode.c.objc; path = AFURLRequestSerialization.m; sourceTree = "<group>"; };
		9191D39F1928F4D600D97AFF /* AFURLResponseSerialization.h */ = {isa = PBXFileReference; fileEncoding = 4; lastKnownFileType = sourcecode.c.h; path = AFURLResponseSerialization.h; sourceTree = "<group>"; };
		9191D3A01928F4D600D97AFF /* AFURLResponseSerialization.m */ = {isa = PBXFileReference; fileEncoding = 4; lastKnownFileType = sourcecode.c.objc; path = AFURLResponseSerialization.m; sourceTree = "<group>"; };
		9191D3A11928F4D600D97AFF /* AFURLSessionManager.h */ = {isa = PBXFileReference; fileEncoding = 4; lastKnownFileType = sourcecode.c.h; path = AFURLSessionManager.h; sourceTree = "<group>"; };
		9191D3A21928F4D600D97AFF /* AFURLSessionManager.m */ = {isa = PBXFileReference; fileEncoding = 4; lastKnownFileType = sourcecode.c.objc; path = AFURLSessionManager.m; sourceTree = "<group>"; };
		9191D3A41928F4D600D97AFF /* AFNetworkActivityIndicatorManager.h */ = {isa = PBXFileReference; fileEncoding = 4; lastKnownFileType = sourcecode.c.h; path = AFNetworkActivityIndicatorManager.h; sourceTree = "<group>"; };
		9191D3A51928F4D600D97AFF /* AFNetworkActivityIndicatorManager.m */ = {isa = PBXFileReference; fileEncoding = 4; lastKnownFileType = sourcecode.c.objc; path = AFNetworkActivityIndicatorManager.m; sourceTree = "<group>"; };
		9191D3A61928F4D600D97AFF /* UIActivityIndicatorView+AFNetworking.h */ = {isa = PBXFileReference; fileEncoding = 4; lastKnownFileType = sourcecode.c.h; path = "UIActivityIndicatorView+AFNetworking.h"; sourceTree = "<group>"; };
		9191D3A71928F4D600D97AFF /* UIActivityIndicatorView+AFNetworking.m */ = {isa = PBXFileReference; fileEncoding = 4; lastKnownFileType = sourcecode.c.objc; path = "UIActivityIndicatorView+AFNetworking.m"; sourceTree = "<group>"; };
		9191D3A81928F4D600D97AFF /* UIAlertView+AFNetworking.h */ = {isa = PBXFileReference; fileEncoding = 4; lastKnownFileType = sourcecode.c.h; path = "UIAlertView+AFNetworking.h"; sourceTree = "<group>"; };
		9191D3A91928F4D600D97AFF /* UIAlertView+AFNetworking.m */ = {isa = PBXFileReference; fileEncoding = 4; lastKnownFileType = sourcecode.c.objc; path = "UIAlertView+AFNetworking.m"; sourceTree = "<group>"; };
		9191D3AA1928F4D600D97AFF /* UIButton+AFNetworking.h */ = {isa = PBXFileReference; fileEncoding = 4; lastKnownFileType = sourcecode.c.h; path = "UIButton+AFNetworking.h"; sourceTree = "<group>"; };
		9191D3AB1928F4D600D97AFF /* UIButton+AFNetworking.m */ = {isa = PBXFileReference; fileEncoding = 4; lastKnownFileType = sourcecode.c.objc; path = "UIButton+AFNetworking.m"; sourceTree = "<group>"; };
		9191D3AC1928F4D600D97AFF /* UIImageView+AFNetworking.h */ = {isa = PBXFileReference; fileEncoding = 4; lastKnownFileType = sourcecode.c.h; path = "UIImageView+AFNetworking.h"; sourceTree = "<group>"; };
		9191D3AD1928F4D600D97AFF /* UIImageView+AFNetworking.m */ = {isa = PBXFileReference; fileEncoding = 4; lastKnownFileType = sourcecode.c.objc; path = "UIImageView+AFNetworking.m"; sourceTree = "<group>"; };
		9191D3AE1928F4D600D97AFF /* UIKit+AFNetworking.h */ = {isa = PBXFileReference; fileEncoding = 4; lastKnownFileType = sourcecode.c.h; path = "UIKit+AFNetworking.h"; sourceTree = "<group>"; };
		9191D3AF1928F4D600D97AFF /* UIProgressView+AFNetworking.h */ = {isa = PBXFileReference; fileEncoding = 4; lastKnownFileType = sourcecode.c.h; path = "UIProgressView+AFNetworking.h"; sourceTree = "<group>"; };
		9191D3B01928F4D600D97AFF /* UIProgressView+AFNetworking.m */ = {isa = PBXFileReference; fileEncoding = 4; lastKnownFileType = sourcecode.c.objc; path = "UIProgressView+AFNetworking.m"; sourceTree = "<group>"; };
		9191D3B11928F4D600D97AFF /* UIRefreshControl+AFNetworking.h */ = {isa = PBXFileReference; fileEncoding = 4; lastKnownFileType = sourcecode.c.h; path = "UIRefreshControl+AFNetworking.h"; sourceTree = "<group>"; };
		9191D3B21928F4D600D97AFF /* UIRefreshControl+AFNetworking.m */ = {isa = PBXFileReference; fileEncoding = 4; lastKnownFileType = sourcecode.c.objc; path = "UIRefreshControl+AFNetworking.m"; sourceTree = "<group>"; };
		9191D3B31928F4D600D97AFF /* UIWebView+AFNetworking.h */ = {isa = PBXFileReference; fileEncoding = 4; lastKnownFileType = sourcecode.c.h; path = "UIWebView+AFNetworking.h"; sourceTree = "<group>"; };
		9191D3B41928F4D600D97AFF /* UIWebView+AFNetworking.m */ = {isa = PBXFileReference; fileEncoding = 4; lastKnownFileType = sourcecode.c.objc; path = "UIWebView+AFNetworking.m"; sourceTree = "<group>"; };
		9191D3D01928F70700D97AFF /* MainViewController.h */ = {isa = PBXFileReference; fileEncoding = 4; lastKnownFileType = sourcecode.c.h; path = MainViewController.h; sourceTree = "<group>"; };
		9191D3D11928F70700D97AFF /* MainViewController.m */ = {isa = PBXFileReference; fileEncoding = 4; lastKnownFileType = sourcecode.c.objc; path = MainViewController.m; sourceTree = "<group>"; };
		9191D3D21928F70700D97AFF /* MainAppDelegate.h */ = {isa = PBXFileReference; fileEncoding = 4; lastKnownFileType = sourcecode.c.h; path = MainAppDelegate.h; sourceTree = "<group>"; };
		9191D3D31928F70700D97AFF /* MainAppDelegate.m */ = {isa = PBXFileReference; fileEncoding = 4; lastKnownFileType = sourcecode.c.objc; path = MainAppDelegate.m; sourceTree = "<group>"; };
/* End PBXFileReference section */

/* Begin PBXFrameworksBuildPhase section */
		912D910819279EE300F9E495 /* Frameworks */ = {
			isa = PBXFrameworksBuildPhase;
			buildActionMask = 2147483647;
			files = (
				912D911119279EE300F9E495 /* CoreGraphics.framework in Frameworks */,
				912D911319279EE300F9E495 /* UIKit.framework in Frameworks */,
				912D910F19279EE300F9E495 /* Foundation.framework in Frameworks */,
			);
			runOnlyForDeploymentPostprocessing = 0;
		};
		912D912919279EE300F9E495 /* Frameworks */ = {
			isa = PBXFrameworksBuildPhase;
			buildActionMask = 2147483647;
			files = (
				912D912E19279EE300F9E495 /* XCTest.framework in Frameworks */,
				912D913019279EE300F9E495 /* UIKit.framework in Frameworks */,
				912D912F19279EE300F9E495 /* Foundation.framework in Frameworks */,
			);
			runOnlyForDeploymentPostprocessing = 0;
		};
/* End PBXFrameworksBuildPhase section */

/* Begin PBXGroup section */
		912D910219279EE300F9E495 = {
			isa = PBXGroup;
			children = (
				9191D3CE1928F70700D97AFF /* Classes */,
				9191D38E1928F4D600D97AFF /* vendor */,
				914DBFAB1938CF2C00AFAB09 /* images */,
				912D911419279EE300F9E495 /* bounty-hunter-ios */,
				912D913319279EE300F9E495 /* bounty-hunter-iosTests */,
				912D910D19279EE300F9E495 /* Frameworks */,
				912D910C19279EE300F9E495 /* Products */,
				912D912619279EE300F9E495 /* Images.xcassets */,
			);
			sourceTree = "<group>";
		};
		912D910C19279EE300F9E495 /* Products */ = {
			isa = PBXGroup;
			children = (
				912D910B19279EE300F9E495 /* bounty-hunter-ios.app */,
				912D912C19279EE300F9E495 /* bounty-hunter-iosTests.xctest */,
			);
			name = Products;
			sourceTree = "<group>";
		};
		912D910D19279EE300F9E495 /* Frameworks */ = {
			isa = PBXGroup;
			children = (
				912D910E19279EE300F9E495 /* Foundation.framework */,
				912D911019279EE300F9E495 /* CoreGraphics.framework */,
				912D911219279EE300F9E495 /* UIKit.framework */,
				912D912D19279EE300F9E495 /* XCTest.framework */,
			);
			name = Frameworks;
			sourceTree = "<group>";
		};
		912D911419279EE300F9E495 /* bounty-hunter-ios */ = {
			isa = PBXGroup;
			children = (
				912D912019279EE300F9E495 /* Main.storyboard */,
			);
			path = "bounty-hunter-ios";
			sourceTree = "<group>";
		};
		912D911519279EE300F9E495 /* Supporting Files */ = {
			isa = PBXGroup;
			children = (
				912D911619279EE300F9E495 /* bounty-hunter-ios-Info.plist */,
				912D911719279EE300F9E495 /* InfoPlist.strings */,
				912D911A19279EE300F9E495 /* main.m */,
				912D911C19279EE300F9E495 /* bounty-hunter-ios-Prefix.pch */,
			);
			name = "Supporting Files";
			path = ..;
			sourceTree = "<group>";
		};
		912D913319279EE300F9E495 /* bounty-hunter-iosTests */ = {
			isa = PBXGroup;
			children = (
				912D913919279EE300F9E495 /* bounty_hunter_iosTests.m */,
				912D913419279EE300F9E495 /* Supporting Files */,
			);
			path = "bounty-hunter-iosTests";
			sourceTree = "<group>";
		};
		912D913419279EE300F9E495 /* Supporting Files */ = {
			isa = PBXGroup;
			children = (
				912D913519279EE300F9E495 /* bounty-hunter-iosTests-Info.plist */,
				912D913619279EE300F9E495 /* InfoPlist.strings */,
			);
			name = "Supporting Files";
			sourceTree = "<group>";
		};
		914DBFAB1938CF2C00AFAB09 /* images */ = {
			isa = PBXGroup;
			children = (
				914DBFAC1938CF7A00AFAB09 /* background1.jpg */,
			);
			name = images;
			path = "bounty-hunter-ios/images";
			sourceTree = "<group>";
		};
		9191D38E1928F4D600D97AFF /* vendor */ = {
			isa = PBXGroup;
			children = (
				9191D38F1928F4D600D97AFF /* AFNetworking */,
				9191D3A31928F4D600D97AFF /* UIKit+AFNetworking */,
			);
			name = vendor;
			path = "bounty-hunter-ios/vendor";
			sourceTree = "<group>";
		};
		9191D38F1928F4D600D97AFF /* AFNetworking */ = {
			isa = PBXGroup;
			children = (
				9191D3901928F4D600D97AFF /* AFHTTPRequestOperation.h */,
				9191D3911928F4D600D97AFF /* AFHTTPRequestOperation.m */,
				9191D3921928F4D600D97AFF /* AFHTTPRequestOperationManager.h */,
				9191D3931928F4D600D97AFF /* AFHTTPRequestOperationManager.m */,
				9191D3941928F4D600D97AFF /* AFHTTPSessionManager.h */,
				9191D3951928F4D600D97AFF /* AFHTTPSessionManager.m */,
				9191D3961928F4D600D97AFF /* AFNetworking.h */,
				9191D3971928F4D600D97AFF /* AFNetworkReachabilityManager.h */,
				9191D3981928F4D600D97AFF /* AFNetworkReachabilityManager.m */,
				9191D3991928F4D600D97AFF /* AFSecurityPolicy.h */,
				9191D39A1928F4D600D97AFF /* AFSecurityPolicy.m */,
				9191D39B1928F4D600D97AFF /* AFURLConnectionOperation.h */,
				9191D39C1928F4D600D97AFF /* AFURLConnectionOperation.m */,
				9191D39D1928F4D600D97AFF /* AFURLRequestSerialization.h */,
				9191D39E1928F4D600D97AFF /* AFURLRequestSerialization.m */,
				9191D39F1928F4D600D97AFF /* AFURLResponseSerialization.h */,
				9191D3A01928F4D600D97AFF /* AFURLResponseSerialization.m */,
				9191D3A11928F4D600D97AFF /* AFURLSessionManager.h */,
				9191D3A21928F4D600D97AFF /* AFURLSessionManager.m */,
			);
			path = AFNetworking;
			sourceTree = "<group>";
		};
		9191D3A31928F4D600D97AFF /* UIKit+AFNetworking */ = {
			isa = PBXGroup;
			children = (
				9191D3A41928F4D600D97AFF /* AFNetworkActivityIndicatorManager.h */,
				9191D3A51928F4D600D97AFF /* AFNetworkActivityIndicatorManager.m */,
				9191D3A61928F4D600D97AFF /* UIActivityIndicatorView+AFNetworking.h */,
				9191D3A71928F4D600D97AFF /* UIActivityIndicatorView+AFNetworking.m */,
				9191D3A81928F4D600D97AFF /* UIAlertView+AFNetworking.h */,
				9191D3A91928F4D600D97AFF /* UIAlertView+AFNetworking.m */,
				9191D3AA1928F4D600D97AFF /* UIButton+AFNetworking.h */,
				9191D3AB1928F4D600D97AFF /* UIButton+AFNetworking.m */,
				9191D3AC1928F4D600D97AFF /* UIImageView+AFNetworking.h */,
				9191D3AD1928F4D600D97AFF /* UIImageView+AFNetworking.m */,
				9191D3AE1928F4D600D97AFF /* UIKit+AFNetworking.h */,
				9191D3AF1928F4D600D97AFF /* UIProgressView+AFNetworking.h */,
				9191D3B01928F4D600D97AFF /* UIProgressView+AFNetworking.m */,
				9191D3B11928F4D600D97AFF /* UIRefreshControl+AFNetworking.h */,
				9191D3B21928F4D600D97AFF /* UIRefreshControl+AFNetworking.m */,
				9191D3B31928F4D600D97AFF /* UIWebView+AFNetworking.h */,
				9191D3B41928F4D600D97AFF /* UIWebView+AFNetworking.m */,
			);
			path = "UIKit+AFNetworking";
			sourceTree = "<group>";
		};
		9191D3CE1928F70700D97AFF /* Classes */ = {
			isa = PBXGroup;
			children = (
				912D911519279EE300F9E495 /* Supporting Files */,
				9191D3D21928F70700D97AFF /* MainAppDelegate.h */,
				9191D3D31928F70700D97AFF /* MainAppDelegate.m */,
				9191D3CF1928F70700D97AFF /* Controller */,
				9191D3D41928F70700D97AFF /* Models */,
				9191D3D51928F70700D97AFF /* Views */,
			);
			name = Classes;
			path = "bounty-hunter-ios/Classes";
			sourceTree = "<group>";
		};
		9191D3CF1928F70700D97AFF /* Controller */ = {
			isa = PBXGroup;
			children = (
				914DBFA81938CD7D00AFAB09 /* LoginViewController.h */,
				914DBFA91938CD7D00AFAB09 /* LoginViewController.m */,
				9191D3D01928F70700D97AFF /* MainViewController.h */,
				9191D3D11928F70700D97AFF /* MainViewController.m */,
				912E54F1193485450067E6D9 /* InfoTableViewController.h */,
				912E54F2193485450067E6D9 /* InfoTableViewController.m */,
				912CA957193B6976009545B6 /* TaskListViewController.h */,
				912CA958193B6976009545B6 /* TaskListViewController.m */,
				910BF74C193C90A500749318 /* TaskDetailsViewController.h */,
				910BF74D193C90A500749318 /* TaskDetailsViewController.m */,
			);
			path = Controller;
			sourceTree = "<group>";
		};
		9191D3D41928F70700D97AFF /* Models */ = {
			isa = PBXGroup;
			children = (
			);
			path = Models;
			sourceTree = "<group>";
		};
		9191D3D51928F70700D97AFF /* Views */ = {
			isa = PBXGroup;
			children = (
				912CA95A193B69F9009545B6 /* TaskListTableView.h */,
				912CA95B193B69F9009545B6 /* TaskListTableView.m */,
			);
			path = Views;
			sourceTree = "<group>";
		};
/* End PBXGroup section */

/* Begin PBXNativeTarget section */
		912D910A19279EE300F9E495 /* bounty-hunter-ios */ = {
			isa = PBXNativeTarget;
			buildConfigurationList = 912D913D19279EE300F9E495 /* Build configuration list for PBXNativeTarget "bounty-hunter-ios" */;
			buildPhases = (
				912D910719279EE300F9E495 /* Sources */,
				912D910819279EE300F9E495 /* Frameworks */,
				912D910919279EE300F9E495 /* Resources */,
			);
			buildRules = (
			);
			dependencies = (
			);
			name = "bounty-hunter-ios";
			productName = "bounty-hunter-ios";
			productReference = 912D910B19279EE300F9E495 /* bounty-hunter-ios.app */;
			productType = "com.apple.product-type.application";
		};
		912D912B19279EE300F9E495 /* bounty-hunter-iosTests */ = {
			isa = PBXNativeTarget;
			buildConfigurationList = 912D914019279EE300F9E495 /* Build configuration list for PBXNativeTarget "bounty-hunter-iosTests" */;
			buildPhases = (
				912D912819279EE300F9E495 /* Sources */,
				912D912919279EE300F9E495 /* Frameworks */,
				912D912A19279EE300F9E495 /* Resources */,
			);
			buildRules = (
			);
			dependencies = (
				912D913219279EE300F9E495 /* PBXTargetDependency */,
			);
			name = "bounty-hunter-iosTests";
			productName = "bounty-hunter-iosTests";
			productReference = 912D912C19279EE300F9E495 /* bounty-hunter-iosTests.xctest */;
			productType = "com.apple.product-type.bundle.unit-test";
		};
/* End PBXNativeTarget section */

/* Begin PBXProject section */
		912D910319279EE300F9E495 /* Project object */ = {
			isa = PBXProject;
			attributes = {
				CLASSPREFIX = Main;
				LastUpgradeCheck = 0510;
				ORGANIZATIONNAME = IOSAvenger;
				TargetAttributes = {
					912D912B19279EE300F9E495 = {
						TestTargetID = 912D910A19279EE300F9E495;
					};
				};
			};
			buildConfigurationList = 912D910619279EE300F9E495 /* Build configuration list for PBXProject "bounty-hunter-ios" */;
			compatibilityVersion = "Xcode 3.2";
			developmentRegion = English;
			hasScannedForEncodings = 0;
			knownRegions = (
				en,
				Base,
			);
			mainGroup = 912D910219279EE300F9E495;
			productRefGroup = 912D910C19279EE300F9E495 /* Products */;
			projectDirPath = "";
			projectRoot = "";
			targets = (
				912D910A19279EE300F9E495 /* bounty-hunter-ios */,
				912D912B19279EE300F9E495 /* bounty-hunter-iosTests */,
			);
		};
/* End PBXProject section */

/* Begin PBXResourcesBuildPhase section */
		912D910919279EE300F9E495 /* Resources */ = {
			isa = PBXResourcesBuildPhase;
			buildActionMask = 2147483647;
			files = (
				912D912719279EE300F9E495 /* Images.xcassets in Resources */,
				912D911919279EE300F9E495 /* InfoPlist.strings in Resources */,
				912D912219279EE300F9E495 /* Main.storyboard in Resources */,
				914DBFAD1938CF7A00AFAB09 /* background1.jpg in Resources */,
			);
			runOnlyForDeploymentPostprocessing = 0;
		};
		912D912A19279EE300F9E495 /* Resources */ = {
			isa = PBXResourcesBuildPhase;
			buildActionMask = 2147483647;
			files = (
				912D913819279EE300F9E495 /* InfoPlist.strings in Resources */,
			);
			runOnlyForDeploymentPostprocessing = 0;
		};
/* End PBXResourcesBuildPhase section */

/* Begin PBXSourcesBuildPhase section */
		912D910719279EE300F9E495 /* Sources */ = {
			isa = PBXSourcesBuildPhase;
			buildActionMask = 2147483647;
			files = (
				9191D3B51928F4D600D97AFF /* AFHTTPRequestOperation.m in Sources */,
				9191D3D71928F70700D97AFF /* MainAppDelegate.m in Sources */,
				912E54F3193485450067E6D9 /* InfoTableViewController.m in Sources */,
				9191D3C21928F4D600D97AFF /* UIImageView+AFNetworking.m in Sources */,
				912D911B19279EE300F9E495 /* main.m in Sources */,
				9191D3B61928F4D600D97AFF /* AFHTTPRequestOperationManager.m in Sources */,
				9191D3C31928F4D600D97AFF /* UIProgressView+AFNetworking.m in Sources */,
				9191D3B81928F4D600D97AFF /* AFNetworkReachabilityManager.m in Sources */,
				9191D3D61928F70700D97AFF /* MainViewController.m in Sources */,
				9191D3BC1928F4D600D97AFF /* AFURLResponseSerialization.m in Sources */,
				9191D3BA1928F4D600D97AFF /* AFURLConnectionOperation.m in Sources */,
				9191D3C11928F4D600D97AFF /* UIButton+AFNetworking.m in Sources */,
				9191D3BF1928F4D600D97AFF /* UIActivityIndicatorView+AFNetworking.m in Sources */,
				912CA959193B6976009545B6 /* TaskListViewController.m in Sources */,
				9191D3B91928F4D600D97AFF /* AFSecurityPolicy.m in Sources */,
				9191D3C41928F4D600D97AFF /* UIRefreshControl+AFNetworking.m in Sources */,
				912CA95C193B69F9009545B6 /* TaskListTableView.m in Sources */,
				9191D3C51928F4D600D97AFF /* UIWebView+AFNetworking.m in Sources */,
				910BF74E193C90A500749318 /* TaskDetailsViewController.m in Sources */,
				914DBFAA1938CD7D00AFAB09 /* LoginViewController.m in Sources */,
				9191D3B71928F4D600D97AFF /* AFHTTPSessionManager.m in Sources */,
				9191D3C01928F4D600D97AFF /* UIAlertView+AFNetworking.m in Sources */,
				9191D3BB1928F4D600D97AFF /* AFURLRequestSerialization.m in Sources */,
				9191D3BE1928F4D600D97AFF /* AFNetworkActivityIndicatorManager.m in Sources */,
				9191D3BD1928F4D600D97AFF /* AFURLSessionManager.m in Sources */,
			);
			runOnlyForDeploymentPostprocessing = 0;
		};
		912D912819279EE300F9E495 /* Sources */ = {
			isa = PBXSourcesBuildPhase;
			buildActionMask = 2147483647;
			files = (
				912D913A19279EE300F9E495 /* bounty_hunter_iosTests.m in Sources */,
			);
			runOnlyForDeploymentPostprocessing = 0;
		};
/* End PBXSourcesBuildPhase section */

/* Begin PBXTargetDependency section */
		912D913219279EE300F9E495 /* PBXTargetDependency */ = {
			isa = PBXTargetDependency;
			target = 912D910A19279EE300F9E495 /* bounty-hunter-ios */;
			targetProxy = 912D913119279EE300F9E495 /* PBXContainerItemProxy */;
		};
/* End PBXTargetDependency section */

/* Begin PBXVariantGroup section */
		912D911719279EE300F9E495 /* InfoPlist.strings */ = {
			isa = PBXVariantGroup;
			children = (
				912D911819279EE300F9E495 /* en */,
			);
			name = InfoPlist.strings;
			sourceTree = "<group>";
		};
		912D912019279EE300F9E495 /* Main.storyboard */ = {
			isa = PBXVariantGroup;
			children = (
				912D912119279EE300F9E495 /* Base */,
			);
			name = Main.storyboard;
			sourceTree = "<group>";
		};
		912D913619279EE300F9E495 /* InfoPlist.strings */ = {
			isa = PBXVariantGroup;
			children = (
				912D913719279EE300F9E495 /* en */,
			);
			name = InfoPlist.strings;
			sourceTree = "<group>";
		};
/* End PBXVariantGroup section */

/* Begin XCBuildConfiguration section */
		912D913B19279EE300F9E495 /* Debug */ = {
			isa = XCBuildConfiguration;
			buildSettings = {
				ALWAYS_SEARCH_USER_PATHS = NO;
				CLANG_CXX_LANGUAGE_STANDARD = "gnu++0x";
				CLANG_CXX_LIBRARY = "libc++";
				CLANG_ENABLE_MODULES = YES;
				CLANG_ENABLE_OBJC_ARC = YES;
				CLANG_WARN_BOOL_CONVERSION = YES;
				CLANG_WARN_CONSTANT_CONVERSION = YES;
				CLANG_WARN_DIRECT_OBJC_ISA_USAGE = YES_ERROR;
				CLANG_WARN_EMPTY_BODY = YES;
				CLANG_WARN_ENUM_CONVERSION = YES;
				CLANG_WARN_INT_CONVERSION = YES;
				CLANG_WARN_OBJC_ROOT_CLASS = YES_ERROR;
				CLANG_WARN__DUPLICATE_METHOD_MATCH = YES;
				"CODE_SIGN_IDENTITY[sdk=iphoneos*]" = "iPhone Developer";
				COPY_PHASE_STRIP = NO;
				GCC_C_LANGUAGE_STANDARD = gnu99;
				GCC_DYNAMIC_NO_PIC = NO;
				GCC_OPTIMIZATION_LEVEL = 0;
				GCC_PREPROCESSOR_DEFINITIONS = (
					"DEBUG=1",
					"$(inherited)",
				);
				GCC_SYMBOLS_PRIVATE_EXTERN = NO;
				GCC_WARN_64_TO_32_BIT_CONVERSION = YES;
				GCC_WARN_ABOUT_RETURN_TYPE = YES_ERROR;
				GCC_WARN_UNDECLARED_SELECTOR = YES;
				GCC_WARN_UNINITIALIZED_AUTOS = YES_AGGRESSIVE;
				GCC_WARN_UNUSED_FUNCTION = YES;
				GCC_WARN_UNUSED_VARIABLE = YES;
				IPHONEOS_DEPLOYMENT_TARGET = 7.1;
				ONLY_ACTIVE_ARCH = YES;
				SDKROOT = iphoneos;
			};
			name = Debug;
		};
		912D913C19279EE300F9E495 /* Release */ = {
			isa = XCBuildConfiguration;
			buildSettings = {
				ALWAYS_SEARCH_USER_PATHS = NO;
				CLANG_CXX_LANGUAGE_STANDARD = "gnu++0x";
				CLANG_CXX_LIBRARY = "libc++";
				CLANG_ENABLE_MODULES = YES;
				CLANG_ENABLE_OBJC_ARC = YES;
				CLANG_WARN_BOOL_CONVERSION = YES;
				CLANG_WARN_CONSTANT_CONVERSION = YES;
				CLANG_WARN_DIRECT_OBJC_ISA_USAGE = YES_ERROR;
				CLANG_WARN_EMPTY_BODY = YES;
				CLANG_WARN_ENUM_CONVERSION = YES;
				CLANG_WARN_INT_CONVERSION = YES;
				CLANG_WARN_OBJC_ROOT_CLASS = YES_ERROR;
				CLANG_WARN__DUPLICATE_METHOD_MATCH = YES;
				"CODE_SIGN_IDENTITY[sdk=iphoneos*]" = "iPhone Developer";
				COPY_PHASE_STRIP = YES;
				ENABLE_NS_ASSERTIONS = NO;
				GCC_C_LANGUAGE_STANDARD = gnu99;
				GCC_WARN_64_TO_32_BIT_CONVERSION = YES;
				GCC_WARN_ABOUT_RETURN_TYPE = YES_ERROR;
				GCC_WARN_UNDECLARED_SELECTOR = YES;
				GCC_WARN_UNINITIALIZED_AUTOS = YES_AGGRESSIVE;
				GCC_WARN_UNUSED_FUNCTION = YES;
				GCC_WARN_UNUSED_VARIABLE = YES;
				IPHONEOS_DEPLOYMENT_TARGET = 7.1;
				SDKROOT = iphoneos;
				VALIDATE_PRODUCT = YES;
			};
			name = Release;
		};
		912D913E19279EE300F9E495 /* Debug */ = {
			isa = XCBuildConfiguration;
			buildSettings = {
				ASSETCATALOG_COMPILER_APPICON_NAME = AppIcon;
				ASSETCATALOG_COMPILER_LAUNCHIMAGE_NAME = LaunchImage;
				GCC_PRECOMPILE_PREFIX_HEADER = YES;
				GCC_PREFIX_HEADER = "bounty-hunter-ios/bounty-hunter-ios-Prefix.pch";
				INFOPLIST_FILE = "bounty-hunter-ios/bounty-hunter-ios-Info.plist";
				PRODUCT_NAME = "$(TARGET_NAME)";
				WRAPPER_EXTENSION = app;
			};
			name = Debug;
		};
		912D913F19279EE300F9E495 /* Release */ = {
			isa = XCBuildConfiguration;
			buildSettings = {
				ASSETCATALOG_COMPILER_APPICON_NAME = AppIcon;
				ASSETCATALOG_COMPILER_LAUNCHIMAGE_NAME = LaunchImage;
				GCC_PRECOMPILE_PREFIX_HEADER = YES;
				GCC_PREFIX_HEADER = "bounty-hunter-ios/bounty-hunter-ios-Prefix.pch";
				INFOPLIST_FILE = "bounty-hunter-ios/bounty-hunter-ios-Info.plist";
				PRODUCT_NAME = "$(TARGET_NAME)";
				WRAPPER_EXTENSION = app;
			};
			name = Release;
		};
		912D914119279EE300F9E495 /* Debug */ = {
			isa = XCBuildConfiguration;
			buildSettings = {
				BUNDLE_LOADER = "$(BUILT_PRODUCTS_DIR)/bounty-hunter-ios.app/bounty-hunter-ios";
				FRAMEWORK_SEARCH_PATHS = (
					"$(SDKROOT)/Developer/Library/Frameworks",
					"$(inherited)",
					"$(DEVELOPER_FRAMEWORKS_DIR)",
				);
				GCC_PRECOMPILE_PREFIX_HEADER = YES;
				GCC_PREFIX_HEADER = "bounty-hunter-ios/bounty-hunter-ios-Prefix.pch";
				GCC_PREPROCESSOR_DEFINITIONS = (
					"DEBUG=1",
					"$(inherited)",
				);
				INFOPLIST_FILE = "bounty-hunter-iosTests/bounty-hunter-iosTests-Info.plist";
				PRODUCT_NAME = "$(TARGET_NAME)";
				TEST_HOST = "$(BUNDLE_LOADER)";
				WRAPPER_EXTENSION = xctest;
			};
			name = Debug;
		};
		912D914219279EE300F9E495 /* Release */ = {
			isa = XCBuildConfiguration;
			buildSettings = {
				BUNDLE_LOADER = "$(BUILT_PRODUCTS_DIR)/bounty-hunter-ios.app/bounty-hunter-ios";
				FRAMEWORK_SEARCH_PATHS = (
					"$(SDKROOT)/Developer/Library/Frameworks",
					"$(inherited)",
					"$(DEVELOPER_FRAMEWORKS_DIR)",
				);
				GCC_PRECOMPILE_PREFIX_HEADER = YES;
				GCC_PREFIX_HEADER = "bounty-hunter-ios/bounty-hunter-ios-Prefix.pch";
				INFOPLIST_FILE = "bounty-hunter-iosTests/bounty-hunter-iosTests-Info.plist";
				PRODUCT_NAME = "$(TARGET_NAME)";
				TEST_HOST = "$(BUNDLE_LOADER)";
				WRAPPER_EXTENSION = xctest;
			};
			name = Release;
		};
/* End XCBuildConfiguration section */

/* Begin XCConfigurationList section */
		912D910619279EE300F9E495 /* Build configuration list for PBXProject "bounty-hunter-ios" */ = {
			isa = XCConfigurationList;
			buildConfigurations = (
				912D913B19279EE300F9E495 /* Debug */,
				912D913C19279EE300F9E495 /* Release */,
			);
			defaultConfigurationIsVisible = 0;
			defaultConfigurationName = Release;
		};
		912D913D19279EE300F9E495 /* Build configuration list for PBXNativeTarget "bounty-hunter-ios" */ = {
			isa = XCConfigurationList;
			buildConfigurations = (
				912D913E19279EE300F9E495 /* Debug */,
				912D913F19279EE300F9E495 /* Release */,
			);
			defaultConfigurationIsVisible = 0;
			defaultConfigurationName = Release;
		};
		912D914019279EE300F9E495 /* Build configuration list for PBXNativeTarget "bounty-hunter-iosTests" */ = {
			isa = XCConfigurationList;
			buildConfigurations = (
				912D914119279EE300F9E495 /* Debug */,
				912D914219279EE300F9E495 /* Release */,
			);
			defaultConfigurationIsVisible = 0;
			defaultConfigurationName = Release;
		};
/* End XCConfigurationList section */
	};
	rootObject = 912D910319279EE300F9E495 /* Project object */;
}
